
Microsoft Visual Studio Solution File, Format Version 12.00
# Visual Studio Version 17
VisualStudioVersion = 17.9.34723.18
MinimumVisualStudioVersion = 10.0.40219.1
Project("{9A19103F-16F7-4668-BE54-9A1E7A4F7556}") = "Util", "Util\Util.csproj", "{7444F59A-A4B3-41F6-B003-11A2A9C58E0A}"
EndProject
Project("{9A19103F-16F7-4668-BE54-9A1E7A4F7556}") = "MySQLDatabase", "MySQLDatabase\MySQLDatabase.csproj", "{C49919D4-04E3-440B-8B3E-79C59833881C}"
EndProject
Project("{FAE04EC0-301F-11D3-BF4B-00C04F79EFBC}") = "TestApp", "TestApp\TestApp.csproj", "{CD653C6D-FA53-4E53-B8A4-B791C5BFA3B5}"
EndProject
Global
	GlobalSection(SolutionConfigurationPlatforms) = preSolution
		Debug|Any CPU = Debug|Any CPU
		Release|Any CPU = Release|Any CPU
	EndGlobalSection
	GlobalSection(ProjectConfigurationPlatforms) = postSolution
		{7444F59A-A4B3-41F6-B003-11A2A9C58E0A}.Debug|Any CPU.ActiveCfg = Debug|Any CPU
		{7444F59A-A4B3-41F6-B003-11A2A9C58E0A}.Debug|Any CPU.Build.0 = Debug|Any CPU
		{7444F59A-A4B3-41F6-B003-11A2A9C58E0A}.Release|Any CPU.ActiveCfg = Release|Any CPU
		{7444F59A-A4B3-41F6-B003-11A2A9C58E0A}.Release|Any CPU.Build.0 = Release|Any CPU
		{C49919D4-04E3-440B-8B3E-79C59833881C}.Debug|Any CPU.ActiveCfg = Debug|Any CPU
		{C49919D4-04E3-440B-8B3E-79C59833881C}.Debug|Any CPU.Build.0 = Debug|Any CPU
		{C49919D4-04E3-440B-8B3E-79C59833881C}.Release|Any CPU.ActiveCfg = Release|Any CPU
		{C49919D4-04E3-440B-8B3E-79C59833881C}.Release|Any CPU.Build.0 = Release|Any CPU
		{CD653C6D-FA53-4E53-B8A4-B791C5BFA3B5}.Debug|Any CPU.ActiveCfg = Debug|Any CPU
		{CD653C6D-FA53-4E53-B8A4-B791C5BFA3B5}.Debug|Any CPU.Build.0 = Debug|Any CPU
		{CD653C6D-FA53-4E53-B8A4-B791C5BFA3B5}.Release|Any CPU.ActiveCfg = Release|Any CPU
		{CD653C6D-FA53-4E53-B8A4-B791C5BFA3B5}.Release|Any CPU.Build.0 = Release|Any CPU
	EndGlobalSection
	GlobalSection(SolutionProperties) = preSolution
		HideSolutionNode = FALSE
	EndGlobalSection
	GlobalSection(ExtensibilityGlobals) = postSolution
		SolutionGuid = {D89AAD3C-D20B-43B3-9041-2C8A4F5FC26B}
	EndGlobalSection
EndGlobal
